Microsoft Visual Studio Solution File, Format Version 12.00
# Visual Studio Version 17
VisualStudioVersion = 17.5.2.0
MinimumVisualStudioVersion = 10.0.40219.1
Project("{FAE04EC0-301F-11D3-BF4B-00C04F79EFBC}") = "SpaceAINet", "SpaceAINet.csproj", "{19F43ECE-3B9A-B206-407E-FA1A6982E34C}"
EndProject
Global
	GlobalSection(SolutionConfigurationPlatforms) = preSolution
		Debug|Any CPU = Debug|Any CPU
		Release|Any CPU = Release|Any CPU
	EndGlobalSection
	GlobalSection(ProjectConfigurationPlatforms) = postSolution
		{19F43ECE-3B9A-B206-407E-FA1A6982E34C}.Debug|Any CPU.ActiveCfg = Debug|Any CPU
		{19F43ECE-3B9A-B206-407E-FA1A6982E34C}.Debug|Any CPU.Build.0 = Debug|Any CPU
		{19F43ECE-3B9A-B206-407E-FA1A6982E34C}.Release|Any CPU.ActiveCfg = Release|Any CPU
		{19F43ECE-3B9A-B206-407E-FA1A6982E34C}.Release|Any CPU.Build.0 = Release|Any CPU
	EndGlobalSection
	GlobalSection(SolutionProperties) = preSolution
		HideSolutionNode = FALSE
	EndGlobalSection
	GlobalSection(ExtensibilityGlobals) = postSolution
		SolutionGuid = {990F5FCC-5207-46D8-A1A9-DDDB1CA2F03E}
	EndGlobalSection
EndGlobal
